
Microsoft Visual Studio Solution File, Format Version 12.00
# Visual Studio 2012
Project("{FAE04EC0-301F-11D3-BF4B-00C04F79EFBC}") = "LeaveProject", "LeaveProject\LeaveProject.btproj", "{E5BD10E1-D60C-4DDB-9262-942C2A0806D9}"
EndProject
Project("{FAE04EC0-301F-11D3-BF4B-00C04F79EFBC}") = "TransactionProject", "TransactionProject\TransactionProject.btproj", "{DDA884A6-AA1A-4980-A1CC-A719857DC79C}"
EndProject
Global
	GlobalSection(SolutionConfigurationPlatforms) = preSolution
		Debug|Any CPU = Debug|Any CPU
		Release|Any CPU = Release|Any CPU
	EndGlobalSection
	GlobalSection(ProjectConfigurationPlatforms) = postSolution
		{E5BD10E1-D60C-4DDB-9262-942C2A0806D9}.Debug|Any CPU.ActiveCfg = Debug|Any CPU
		{E5BD10E1-D60C-4DDB-9262-942C2A0806D9}.Debug|Any CPU.Build.0 = Debug|Any CPU
		{E5BD10E1-D60C-4DDB-9262-942C2A0806D9}.Debug|Any CPU.Deploy.0 = Debug|Any CPU
		{E5BD10E1-D60C-4DDB-9262-942C2A0806D9}.Release|Any CPU.ActiveCfg = Release|Any CPU
		{E5BD10E1-D60C-4DDB-9262-942C2A0806D9}.Release|Any CPU.Build.0 = Release|Any CPU
		{E5BD10E1-D60C-4DDB-9262-942C2A0806D9}.Release|Any CPU.Deploy.0 = Release|Any CPU
		{DDA884A6-AA1A-4980-A1CC-A719857DC79C}.Debug|Any CPU.ActiveCfg = Debug|Any CPU
		{DDA884A6-AA1A-4980-A1CC-A719857DC79C}.Debug|Any CPU.Build.0 = Debug|Any CPU
		{DDA884A6-AA1A-4980-A1CC-A719857DC79C}.Debug|Any CPU.Deploy.0 = Debug|Any CPU
		{DDA884A6-AA1A-4980-A1CC-A719857DC79C}.Release|Any CPU.ActiveCfg = Release|Any CPU
		{DDA884A6-AA1A-4980-A1CC-A719857DC79C}.Release|Any CPU.Build.0 = Release|Any CPU
		{DDA884A6-AA1A-4980-A1CC-A719857DC79C}.Release|Any CPU.Deploy.0 = Release|Any CPU
	EndGlobalSection
	GlobalSection(SolutionProperties) = preSolution
		HideSolutionNode = FALSE
	EndGlobalSection
EndGlobal
